// !$*UTF8*$!
{
	archiveVersion = 1;
	classes = {
	};
	objectVersion = 56;
	objects = {

/* Begin PBXBuildFile section */
		54325234292BE5A2005348AD /* CalculateStatusTask.swift in Sources */ = {isa = PBXBuildFile; fileRef = 54325233292BE5A2005348AD /* CalculateStatusTask.swift */; };
		54325236292BEA30005348AD /* ClientView.swift in Sources */ = {isa = PBXBuildFile; fileRef = 54325235292BEA30005348AD /* ClientView.swift */; };
		544A7DED292B7AFD00D987CA /* InfoAboutClient.swift in Sources */ = {isa = PBXBuildFile; fileRef = 544A7DEC292B7AFD00D987CA /* InfoAboutClient.swift */; };
		548D4CB8292CB86E00533911 /* CustomCellView.swift in Sources */ = {isa = PBXBuildFile; fileRef = 548D4CB7292CB86E00533911 /* CustomCellView.swift */; };
		548D4CBA292CCECE00533911 /* DevicePath.swift in Sources */ = {isa = PBXBuildFile; fileRef = 548D4CB9292CCECE00533911 /* DevicePath.swift */; };
		54C88672292A962200505D3A /* GoodServiceApp.swift in Sources */ = {isa = PBXBuildFile; fileRef = 54C88671292A962200505D3A /* GoodServiceApp.swift */; };
		54C88674292A962200505D3A /* ContentView.swift in Sources */ = {isa = PBXBuildFile; fileRef = 54C88673292A962200505D3A /* ContentView.swift */; };
		54C88676292A962400505D3A /* Assets.xcassets in Resources */ = {isa = PBXBuildFile; fileRef = 54C88675292A962400505D3A /* Assets.xcassets */; };
		54C88679292A962400505D3A /* Preview Assets.xcassets in Resources */ = {isa = PBXBuildFile; fileRef = 54C88678292A962400505D3A /* Preview Assets.xcassets */; };
		54C8867B292A962400505D3A /* Persistence.swift in Sources */ = {isa = PBXBuildFile; fileRef = 54C8867A292A962400505D3A /* Persistence.swift */; };
		54C88686292A994600505D3A /* NewOrderView.swift in Sources */ = {isa = PBXBuildFile; fileRef = 54C88685292A994600505D3A /* NewOrderView.swift */; };
		54C88688292B55C400505D3A /* TaskDetails.swift in Sources */ = {isa = PBXBuildFile; fileRef = 54C88687292B55C400505D3A /* TaskDetails.swift */; };
		54C8868B292B61C800505D3A /* GoodServiceV2.xcdatamodeld in Sources */ = {isa = PBXBuildFile; fileRef = 54C88689292B61C800505D3A /* GoodServiceV2.xcdatamodeld */; };
/* End PBXBuildFile section */

/* Begin PBXFileReference section */
		54325233292BE5A2005348AD /* CalculateStatusTask.swift */ = {isa = PBXFileReference; lastKnownFileType = sourcecode.swift; path = CalculateStatusTask.swift; sourceTree = "<group>"; };
		54325235292BEA30005348AD /* ClientView.swift */ = {isa = PBXFileReference; lastKnownFileType = sourcecode.swift; path = ClientView.swift; sourceTree = "<group>"; };
		544A7DEC292B7AFD00D987CA /* InfoAboutClient.swift */ = {isa = PBXFileReference; lastKnownFileType = sourcecode.swift; path = InfoAboutClient.swift; sourceTree = "<group>"; };
		548D4CB7292CB86E00533911 /* CustomCellView.swift */ = {isa = PBXFileReference; lastKnownFileType = sourcecode.swift; path = CustomCellView.swift; sourceTree = "<group>"; };
		548D4CB9292CCECE00533911 /* DevicePath.swift */ = {isa = PBXFileReference; lastKnownFileType = sourcecode.swift; path = DevicePath.swift; sourceTree = "<group>"; };
		54C8866E292A962200505D3A /* GoodService.app */ = {isa = PBXFileReference; explicitFileType = wrapper.application; includeInIndex = 0; path = GoodService.app; sourceTree = BUILT_PRODUCTS_DIR; };
		54C88671292A962200505D3A /* GoodServiceApp.swift */ = {isa = PBXFileReference; lastKnownFileType = sourcecode.swift; path = GoodServiceApp.swift; sourceTree = "<group>"; };
		54C88673292A962200505D3A /* ContentView.swift */ = {isa = PBXFileReference; lastKnownFileType = sourcecode.swift; path = ContentView.swift; sourceTree = "<group>"; };
		54C88675292A962400505D3A /* Assets.xcassets */ = {isa = PBXFileReference; lastKnownFileType = folder.assetcatalog; path = Assets.xcassets; sourceTree = "<group>"; };
		54C88678292A962400505D3A /* Preview Assets.xcassets */ = {isa = PBXFileReference; lastKnownFileType = folder.assetcatalog; path = "Preview Assets.xcassets"; sourceTree = "<group>"; };
		54C8867A292A962400505D3A /* Persistence.swift */ = {isa = PBXFileReference; lastKnownFileType = sourcecode.swift; path = Persistence.swift; sourceTree = "<group>"; };
		54C8867F292A962400505D3A /* Info.plist */ = {isa = PBXFileReference; lastKnownFileType = text.plist.xml; path = Info.plist; sourceTree = "<group>"; };
		54C88685292A994600505D3A /* NewOrderView.swift */ = {isa = PBXFileReference; lastKnownFileType = sourcecode.swift; path = NewOrderView.swift; sourceTree = "<group>"; };
		54C88687292B55C400505D3A /* TaskDetails.swift */ = {isa = PBXFileReference; lastKnownFileType = sourcecode.swift; path = TaskDetails.swift; sourceTree = "<group>"; };
		54C8868A292B61C800505D3A /* GoodServiceV2.xcdatamodel */ = {isa = PBXFileReference; lastKnownFileType = wrapper.xcdatamodel; path = GoodServiceV2.xcdatamodel; sourceTree = "<group>"; };
/* End PBXFileReference section */

/* Begin PBXFrameworksBuildPhase section */
		54C8866B292A962200505D3A /* Frameworks */ = {
			isa = PBXFrameworksBuildPhase;
			buildActionMask = 2147483647;
			files = (
			);
			runOnlyForDeploymentPostprocessing = 0;
		};
/* End PBXFrameworksBuildPhase section */

/* Begin PBXGroup section */
		54C88665292A962200505D3A = {
			isa = PBXGroup;
			children = (
				54C88670292A962200505D3A /* GoodService */,
				54C8866F292A962200505D3A /* Products */,
			);
			sourceTree = "<group>";
		};
		54C8866F292A962200505D3A /* Products */ = {
			isa = PBXGroup;
			children = (
				54C8866E292A962200505D3A /* GoodService.app */,
			);
			name = Products;
			sourceTree = "<group>";
		};
		54C88670292A962200505D3A /* GoodService */ = {
			isa = PBXGroup;
			children = (
				54C88671292A962200505D3A /* GoodServiceApp.swift */,
				544A7DEC292B7AFD00D987CA /* InfoAboutClient.swift */,
				54325233292BE5A2005348AD /* CalculateStatusTask.swift */,
				54C88685292A994600505D3A /* NewOrderView.swift */,
				54325235292BEA30005348AD /* ClientView.swift */,
				548D4CB7292CB86E00533911 /* CustomCellView.swift */,
				54C88673292A962200505D3A /* ContentView.swift */,
				54C88687292B55C400505D3A /* TaskDetails.swift */,
				548D4CB9292CCECE00533911 /* DevicePath.swift */,
				54C88675292A962400505D3A /* Assets.xcassets */,
				54C8867A292A962400505D3A /* Persistence.swift */,
				54C8867F292A962400505D3A /* Info.plist */,
				54C88689292B61C800505D3A /* GoodServiceV2.xcdatamodeld */,
				54C88677292A962400505D3A /* Preview Content */,
			);
			path = GoodService;
			sourceTree = "<group>";
		};
		54C88677292A962400505D3A /* Preview Content */ = {
			isa = PBXGroup;
			children = (
				54C88678292A962400505D3A /* Preview Assets.xcassets */,
			);
			path = "Preview Content";
			sourceTree = "<group>";
		};
/* End PBXGroup section */

/* Begin PBXNativeTarget section */
		54C8866D292A962200505D3A /* GoodService */ = {
			isa = PBXNativeTarget;
			buildConfigurationList = 54C88682292A962400505D3A /* Build configuration list for PBXNativeTarget "GoodService" */;
			buildPhases = (
				54C8866A292A962200505D3A /* Sources */,
				54C8866B292A962200505D3A /* Frameworks */,
				54C8866C292A962200505D3A /* Resources */,
			);
			buildRules = (
			);
			dependencies = (
			);
			name = GoodService;
			productName = GoodService;
			productReference = 54C8866E292A962200505D3A /* GoodService.app */;
			productType = "com.apple.product-type.application";
		};
/* End PBXNativeTarget section */

/* Begin PBXProject section */
		54C88666292A962200505D3A /* Project object */ = {
			isa = PBXProject;
			attributes = {
				BuildIndependentTargetsInParallel = 1;
				LastSwiftUpdateCheck = 1410;
				LastUpgradeCheck = 1410;
				TargetAttributes = {
					54C8866D292A962200505D3A = {
						CreatedOnToolsVersion = 14.1;
					};
				};
			};
			buildConfigurationList = 54C88669292A962200505D3A /* Build configuration list for PBXProject "GoodService" */;
			compatibilityVersion = "Xcode 14.0";
			developmentRegion = en;
			hasScannedForEncodings = 0;
			knownRegions = (
				en,
				Base,
			);
			mainGroup = 54C88665292A962200505D3A;
			productRefGroup = 54C8866F292A962200505D3A /* Products */;
			projectDirPath = "";
			projectRoot = "";
			targets = (
				54C8866D292A962200505D3A /* GoodService */,
			);
		};
/* End PBXProject section */

/* Begin PBXResourcesBuildPhase section */
		54C8866C292A962200505D3A /* Resources */ = {
			isa = PBXResourcesBuildPhase;
			buildActionMask = 2147483647;
			files = (
				54C88679292A962400505D3A /* Preview Assets.xcassets in Resources */,
				54C88676292A962400505D3A /* Assets.xcassets in Resources */,
			);
			runOnlyForDeploymentPostprocessing = 0;
		};
/* End PBXResourcesBuildPhase section */

/* Begin PBXSourcesBuildPhase section */
		54C8866A292A962200505D3A /* Sources */ = {
			isa = PBXSourcesBuildPhase;
			buildActionMask = 2147483647;
			files = (
				54C8867B292A962400505D3A /* Persistence.swift in Sources */,
				548D4CBA292CCECE00533911 /* DevicePath.swift in Sources */,
				54325234292BE5A2005348AD /* CalculateStatusTask.swift in Sources */,
				54C88674292A962200505D3A /* ContentView.swift in Sources */,
				54C88686292A994600505D3A /* NewOrderView.swift in Sources */,
				548D4CB8292CB86E00533911 /* CustomCellView.swift in Sources */,
				544A7DED292B7AFD00D987CA /* InfoAboutClient.swift in Sources */,
				54C88672292A962200505D3A /* GoodServiceApp.swift in Sources */,
				54C88688292B55C400505D3A /* TaskDetails.swift in Sources */,
				54C8868B292B61C800505D3A /* GoodServiceV2.xcdatamodeld in Sources */,
				54325236292BEA30005348AD /* ClientView.swift in Sources */,
			);
			runOnlyForDeploymentPostprocessing = 0;
		};
/* End PBXSourcesBuildPhase section */

/* Begin XCBuildConfiguration section */
		54C88680292A962400505D3A /* Debug */ = {
			isa = XCBuildConfiguration;
			buildSettings = {
				ALWAYS_SEARCH_USER_PATHS = NO;
				CLANG_ANALYZER_NONNULL = YES;
				CLANG_ANALYZER_NUMBER_OBJECT_CONVERSION = YES_AGGRESSIVE;
				CLANG_CXX_LANGUAGE_STANDARD = "gnu++20";
				CLANG_ENABLE_MODULES = YES;
				CLANG_ENABLE_OBJC_ARC = YES;
				CLANG_ENABLE_OBJC_WEAK = YES;
				CLANG_WARN_BLOCK_CAPTURE_AUTORELEASING = YES;
				CLANG_WARN_BOOL_CONVERSION = YES;
				CLANG_WARN_COMMA = YES;
				CLANG_WARN_CONSTANT_CONVERSION = YES;
				CLANG_WARN_DEPRECATED_OBJC_IMPLEMENTATIONS = YES;
				CLANG_WARN_DIRECT_OBJC_ISA_USAGE = YES_ERROR;
				CLANG_WARN_DOCUMENTATION_COMMENTS = YES;
				CLANG_WARN_EMPTY_BODY = YES;
				CLANG_WARN_ENUM_CONVERSION = YES;
				CLANG_WARN_INFINITE_RECURSION = YES;
				CLANG_WARN_INT_CONVERSION = YES;
				CLANG_WARN_NON_LITERAL_NULL_CONVERSION = YES;
				CLANG_WARN_OBJC_IMPLICIT_RETAIN_SELF = YES;
				CLANG_WARN_OBJC_LITERAL_CONVERSION = YES;
				CLANG_WARN_OBJC_ROOT_CLASS = YES_ERROR;
				CLANG_WARN_QUOTED_INCLUDE_IN_FRAMEWORK_HEADER = YES;
				CLANG_WARN_RANGE_LOOP_ANALYSIS = YES;
				CLANG_WARN_STRICT_PROTOTYPES = YES;
				CLANG_WARN_SUSPICIOUS_MOVE = YES;
				CLANG_WARN_UNGUARDED_AVAILABILITY = YES_AGGRESSIVE;
				CLANG_WARN_UNREACHABLE_CODE = YES;
				CLANG_WARN__DUPLICATE_METHOD_MATCH = YES;
				COPY_PHASE_STRIP = NO;
				DEBUG_INFORMATION_FORMAT = dwarf;
				ENABLE_STRICT_OBJC_MSGSEND = YES;
				ENABLE_TESTABILITY = YES;
				GCC_C_LANGUAGE_STANDARD = gnu11;
				GCC_DYNAMIC_NO_PIC = NO;
				GCC_NO_COMMON_BLOCKS = YES;
				GCC_OPTIMIZATION_LEVEL = 0;
				GCC_PREPROCESSOR_DEFINITIONS = (
					"DEBUG=1",
					"$(inherited)",
				);
				GCC_WARN_64_TO_32_BIT_CONVERSION = YES;
				GCC_WARN_ABOUT_RETURN_TYPE = YES_ERROR;
				GCC_WARN_UNDECLARED_SELECTOR = YES;
				GCC_WARN_UNINITIALIZED_AUTOS = YES_AGGRESSIVE;
				GCC_WARN_UNUSED_FUNCTION = YES;
				GCC_WARN_UNUSED_VARIABLE = YES;
				IPHONEOS_DEPLOYMENT_TARGET = 16.1;
				MTL_ENABLE_DEBUG_INFO = INCLUDE_SOURCE;
				MTL_FAST_MATH = YES;
				ONLY_ACTIVE_ARCH = YES;
				SDKROOT = iphoneos;
				SWIFT_ACTIVE_COMPILATION_CONDITIONS = DEBUG;
				SWIFT_OPTIMIZATION_LEVEL = "-Onone";
			};
			name = Debug;
		};
		54C88681292A962400505D3A /* Release */ = {
			isa = XCBuildConfiguration;
			buildSettings = {
				ALWAYS_SEARCH_USER_PATHS = NO;
				CLANG_ANALYZER_NONNULL = YES;
				CLANG_ANALYZER_NUMBER_OBJECT_CONVERSION = YES_AGGRESSIVE;
				CLANG_CXX_LANGUAGE_STANDARD = "gnu++20";
				CLANG_ENABLE_MODULES = YES;
				CLANG_ENABLE_OBJC_ARC = YES;
				CLANG_ENABLE_OBJC_WEAK = YES;
				CLANG_WARN_BLOCK_CAPTURE_AUTORELEASING = YES;
				CLANG_WARN_BOOL_CONVERSION = YES;
				CLANG_WARN_COMMA = YES;
				CLANG_WARN_CONSTANT_CONVERSION = YES;
				CLANG_WARN_DEPRECATED_OBJC_IMPLEMENTATIONS = YES;
				CLANG_WARN_DIRECT_OBJC_ISA_USAGE = YES_ERROR;
				CLANG_WARN_DOCUMENTATION_COMMENTS = YES;
				CLANG_WARN_EMPTY_BODY = YES;
				CLANG_WARN_ENUM_CONVERSION = YES;
				CLANG_WARN_INFINITE_RECURSION = YES;
				CLANG_WARN_INT_CONVERSION = YES;
				CLANG_WARN_NON_LITERAL_NULL_CONVERSION = YES;
				CLANG_WARN_OBJC_IMPLICIT_RETAIN_SELF = YES;
				CLANG_WARN_OBJC_LITERAL_CONVERSION = YES;
				CLANG_WARN_OBJC_ROOT_CLASS = YES_ERROR;
				CLANG_WARN_QUOTED_INCLUDE_IN_FRAMEWORK_HEADER = YES;
				CLANG_WARN_RANGE_LOOP_ANALYSIS = YES;
				CLANG_WARN_STRICT_PROTOTYPES = YES;
				CLANG_WARN_SUSPICIOUS_MOVE = YES;
				CLANG_WARN_UNGUARDED_AVAILABILITY = YES_AGGRESSIVE;
				CLANG_WARN_UNREACHABLE_CODE = YES;
				CLANG_WARN__DUPLICATE_METHOD_MATCH = YES;
				COPY_PHASE_STRIP = NO;
				DEBUG_INFORMATION_FORMAT = "dwarf-with-dsym";
				ENABLE_NS_ASSERTIONS = NO;
				ENABLE_STRICT_OBJC_MSGSEND = YES;
				GCC_C_LANGUAGE_STANDARD = gnu11;
				GCC_NO_COMMON_BLOCKS = YES;
				GCC_WARN_64_TO_32_BIT_CONVERSION = YES;
				GCC_WARN_ABOUT_RETURN_TYPE = YES_ERROR;
				GCC_WARN_UNDECLARED_SELECTOR = YES;
				GCC_WARN_UNINITIALIZED_AUTOS = YES_AGGRESSIVE;
				GCC_WARN_UNUSED_FUNCTION = YES;
				GCC_WARN_UNUSED_VARIABLE = YES;
				IPHONEOS_DEPLOYMENT_TARGET = 16.1;
				MTL_ENABLE_DEBUG_INFO = NO;
				MTL_FAST_MATH = YES;
				SDKROOT = iphoneos;
				SWIFT_COMPILATION_MODE = wholemodule;
				SWIFT_OPTIMIZATION_LEVEL = "-O";
				VALIDATE_PRODUCT = YES;
			};
			name = Release;
		};
		54C88683292A962400505D3A /* Debug */ = {
			isa = XCBuildConfiguration;
			buildSettings = {
				ASSETCATALOG_COMPILER_APPICON_NAME = AppIcon;
				ASSETCATALOG_COMPILER_GLOBAL_ACCENT_COLOR_NAME = AccentColor;
				CODE_SIGN_STYLE = Automatic;
				CURRENT_PROJECT_VERSION = 1;
				DEVELOPMENT_ASSET_PATHS = "\"GoodService/Preview Content\"";
				DEVELOPMENT_TEAM = G948D9S888;
				ENABLE_PREVIEWS = YES;
				GENERATE_INFOPLIST_FILE = YES;
				INFOPLIST_KEY_UIApplicationSceneManifest_Generation = YES;
				INFOPLIST_KEY_UIApplicationSupportsIndirectInputEvents = YES;
				INFOPLIST_KEY_UILaunchScreen_Generation = YES;
				INFOPLIST_KEY_UISupportedInterfaceOrientations_iPad = "UIInterfaceOrientationPortrait UIInterfaceOrientationPortraitUpsideDown UIInterfaceOrientationLandscapeLeft UIInterfaceOrientationLandscapeRight";
				INFOPLIST_KEY_UISupportedInterfaceOrientations_iPhone = "UIInterfaceOrientationPortrait UIInterfaceOrientationLandscapeLeft UIInterfaceOrientationLandscapeRight";
				LD_RUNPATH_SEARCH_PATHS = (
					"$(inherited)",
					"@executable_path/Frameworks",
				);
				MARKETING_VERSION = 1.0;
				PRODUCT_BUNDLE_IDENTIFIER = "Gennady-Vedernikov.GoodService";
				PRODUCT_NAME = "$(TARGET_NAME)";
				SUPPORTED_PLATFORMS = "iphoneos iphonesimulator macosx";
				SUPPORTS_MACCATALYST = NO;
				SUPPORTS_MAC_DESIGNED_FOR_IPHONE_IPAD = NO;
				SWIFT_EMIT_LOC_STRINGS = YES;
				SWIFT_VERSION = 5.0;
				TARGETED_DEVICE_FAMILY = "1,2";
			};
			name = Debug;
		};
		54C88684292A962400505D3A /* Release */ = {
			isa = XCBuildConfiguration;
			buildSettings = {
				ASSETCATALOG_COMPILER_APPICON_NAME = AppIcon;
				ASSETCATALOG_COMPILER_GLOBAL_ACCENT_COLOR_NAME = AccentColor;
				CODE_SIGN_STYLE = Automatic;
				CURRENT_PROJECT_VERSION = 1;
				DEVELOPMENT_ASSET_PATHS = "\"GoodService/Preview Content\"";
				DEVELOPMENT_TEAM = G948D9S888;
				ENABLE_PREVIEWS = YES;
				GENERATE_INFOPLIST_FILE = YES;
				INFOPLIST_KEY_UIApplicationSceneManifest_Generation = YES;
				INFOPLIST_KEY_UIApplicationSupportsIndirectInputEvents = YES;
				INFOPLIST_KEY_UILaunchScreen_Generation = YES;
				INFOPLIST_KEY_UISupportedInterfaceOrientations_iPad = "UIInterfaceOrientationPortrait UIInterfaceOrientationPortraitUpsideDown UIInterfaceOrientationLandscapeLeft UIInterfaceOrientationLandscapeRight";
				INFOPLIST_KEY_UISupportedInterfaceOrientations_iPhone = "UIInterfaceOrientationPortrait UIInterfaceOrientationLandscapeLeft UIInterfaceOrientationLandscapeRight";
				LD_RUNPATH_SEARCH_PATHS = (
					"$(inherited)",
					"@executable_path/Frameworks",
				);
				MARKETING_VERSION = 1.0;
				PRODUCT_BUNDLE_IDENTIFIER = "Gennady-Vedernikov.GoodService";
				PRODUCT_NAME = "$(TARGET_NAME)";
				SUPPORTED_PLATFORMS = "iphoneos iphonesimulator macosx";
				SUPPORTS_MACCATALYST = NO;
				SUPPORTS_MAC_DESIGNED_FOR_IPHONE_IPAD = NO;
				SWIFT_EMIT_LOC_STRINGS = YES;
				SWIFT_VERSION = 5.0;
				TARGETED_DEVICE_FAMILY = "1,2";
			};
			name = Release;
		};
/* End XCBuildConfiguration section */

/* Begin XCConfigurationList section */
		54C88669292A962200505D3A /* Build configuration list for PBXProject "GoodService" */ = {
			isa = XCConfigurationList;
			buildConfigurations = (
				54C88680292A962400505D3A /* Debug */,
				54C88681292A962400505D3A /* Release */,
			);
			defaultConfigurationIsVisible = 0;
			defaultConfigurationName = Release;
		};
		54C88682292A962400505D3A /* Build configuration list for PBXNativeTarget "GoodService" */ = {
			isa = XCConfigurationList;
			buildConfigurations = (
				54C88683292A962400505D3A /* Debug */,
				54C88684292A962400505D3A /* Release */,
			);
			defaultConfigurationIsVisible = 0;
			defaultConfigurationName = Release;
		};
/* End XCConfigurationList section */

/* Begin XCVersionGroup section */
		54C88689292B61C800505D3A /* GoodServiceV2.xcdatamodeld */ = {
			isa = XCVersionGroup;
			children = (
				54C8868A292B61C800505D3A /* GoodServiceV2.xcdatamodel */,
			);
			currentVersion = 54C8868A292B61C800505D3A /* GoodServiceV2.xcdatamodel */;
			path = GoodServiceV2.xcdatamodeld;
			sourceTree = "<group>";
			versionGroupType = wrapper.xcdatamodel;
		};
/* End XCVersionGroup section */
	};
	rootObject = 54C88666292A962200505D3A /* Project object */;
}
